
Microsoft Visual Studio Solution File, Format Version 12.00
# Visual Studio Version 17
VisualStudioVersion = 17.4.33213.308
MinimumVisualStudioVersion = 10.0.40219.1
Project("{FAE04EC0-301F-11D3-BF4B-00C04F79EFBC}") = "Room Coordinates", "Room Coordinates\Room Coordinates.csproj", "{D5EAF5DD-B379-4A83-9508-80576A9C5B1F}"
EndProject
Global
	GlobalSection(SolutionConfigurationPlatforms) = preSolution
		Debug|Any CPU = Debug|Any CPU
		Release|Any CPU = Release|Any CPU
	EndGlobalSection
	GlobalSection(ProjectConfigurationPlatforms) = postSolution
		{D5EAF5DD-B379-4A83-9508-80576A9C5B1F}.Debug|Any CPU.ActiveCfg = Debug|Any CPU
		{D5EAF5DD-B379-4A83-9508-80576A9C5B1F}.Debug|Any CPU.Build.0 = Debug|Any CPU
		{D5EAF5DD-B379-4A83-9508-80576A9C5B1F}.Release|Any CPU.ActiveCfg = Release|Any CPU
		{D5EAF5DD-B379-4A83-9508-80576A9C5B1F}.Release|Any CPU.Build.0 = Release|Any CPU
	EndGlobalSection
	GlobalSection(SolutionProperties) = preSolution
		HideSolutionNode = FALSE
	EndGlobalSection
	GlobalSection(ExtensibilityGlobals) = postSolution
		SolutionGuid = {DA191A89-B4F9-4AC4-B54F-210054376882}
	EndGlobalSection
EndGlobal
